// !$*UTF8*$!
{
	archiveVersion = 1;
	classes = {
	};
	objectVersion = 56;
	objects = {

/* Begin PBXBuildFile section */
		841F4A7F293B991B00BE87D1 /* EmployeeCell.swift in Sources */ = {isa = PBXBuildFile; fileRef = 841F4A7D293B991B00BE87D1 /* EmployeeCell.swift */; };
		841F4A80293B991B00BE87D1 /* EmployeeCell.xib in Resources */ = {isa = PBXBuildFile; fileRef = 841F4A7E293B991B00BE87D1 /* EmployeeCell.xib */; };
		841F4A83293B9CC000BE87D1 /* UITableView+Extensions.swift in Sources */ = {isa = PBXBuildFile; fileRef = 841F4A82293B9CC000BE87D1 /* UITableView+Extensions.swift */; };
		841F4A85293B9D0800BE87D1 /* SearchListVC+Extension.swift in Sources */ = {isa = PBXBuildFile; fileRef = 841F4A84293B9D0800BE87D1 /* SearchListVC+Extension.swift */; };
		841F4A87293BC71100BE87D1 /* Strings.swift in Sources */ = {isa = PBXBuildFile; fileRef = 841F4A86293BC71100BE87D1 /* Strings.swift */; };
		841F4A8F293BDCD400BE87D1 /* EmployeeCell+Extension.swift in Sources */ = {isa = PBXBuildFile; fileRef = 841F4A8E293BDCD400BE87D1 /* EmployeeCell+Extension.swift */; };
		841F4A92293BECB500BE87D1 /* IQKeyboardManagerSwift in Frameworks */ = {isa = PBXBuildFile; productRef = 841F4A91293BECB500BE87D1 /* IQKeyboardManagerSwift */; };
		843856A2293B2FEA008371D2 /* AppDelegate.swift in Sources */ = {isa = PBXBuildFile; fileRef = 843856A1293B2FEA008371D2 /* AppDelegate.swift */; };
		843856A4293B2FEA008371D2 /* SceneDelegate.swift in Sources */ = {isa = PBXBuildFile; fileRef = 843856A3293B2FEA008371D2 /* SceneDelegate.swift */; };
		843856AC293B2FEA008371D2 /* EmployeesTask.xcdatamodeld in Sources */ = {isa = PBXBuildFile; fileRef = 843856AA293B2FEA008371D2 /* EmployeesTask.xcdatamodeld */; };
		843856AE293B2FEB008371D2 /* Images.xcassets in Resources */ = {isa = PBXBuildFile; fileRef = 843856AD293B2FEB008371D2 /* Images.xcassets */; };
		843856B1293B2FEB008371D2 /* LaunchScreen.storyboard in Resources */ = {isa = PBXBuildFile; fileRef = 843856AF293B2FEB008371D2 /* LaunchScreen.storyboard */; };
		843856BD293B3345008371D2 /* Colors.xcassets in Resources */ = {isa = PBXBuildFile; fileRef = 843856BC293B3345008371D2 /* Colors.xcassets */; };
		843856BF293B3391008371D2 /* XCAssets+Generated.swift in Sources */ = {isa = PBXBuildFile; fileRef = 843856BE293B3391008371D2 /* XCAssets+Generated.swift */; };
		843856C2293B34CC008371D2 /* Localizable.strings in Resources */ = {isa = PBXBuildFile; fileRef = 843856C1293B34CC008371D2 /* Localizable.strings */; };
		843856E5293B3EED008371D2 /* AppManager.swift in Sources */ = {isa = PBXBuildFile; fileRef = 843856E4293B3EED008371D2 /* AppManager.swift */; };
		843856E7293B3EFA008371D2 /* ScenesContainer.swift in Sources */ = {isa = PBXBuildFile; fileRef = 843856E6293B3EFA008371D2 /* ScenesContainer.swift */; };
		843856EE293B3F6B008371D2 /* SearchListVc.swift in Sources */ = {isa = PBXBuildFile; fileRef = 843856EC293B3F6B008371D2 /* SearchListVc.swift */; };
		843856EF293B3F6B008371D2 /* SearchListVc.xib in Resources */ = {isa = PBXBuildFile; fileRef = 843856ED293B3F6B008371D2 /* SearchListVc.xib */; };
		843856F7293B427C008371D2 /* BaseView.swift in Sources */ = {isa = PBXBuildFile; fileRef = 843856F6293B427C008371D2 /* BaseView.swift */; };
		843856FA293B4298008371D2 /* BaseVC.swift in Sources */ = {isa = PBXBuildFile; fileRef = 843856F9293B4298008371D2 /* BaseVC.swift */; };
		843856FC293B42A8008371D2 /* BaseViewModel.swift in Sources */ = {isa = PBXBuildFile; fileRef = 843856FB293B42A8008371D2 /* BaseViewModel.swift */; };
		843856FF293B42FB008371D2 /* MBProgressHUD in Frameworks */ = {isa = PBXBuildFile; productRef = 843856FE293B42FB008371D2 /* MBProgressHUD */; };
		84385702293B4326008371D2 /* SwiftMessages in Frameworks */ = {isa = PBXBuildFile; productRef = 84385701293B4326008371D2 /* SwiftMessages */; };
		84385706293B44E6008371D2 /* SearchListViewModel.swift in Sources */ = {isa = PBXBuildFile; fileRef = 84385705293B44E6008371D2 /* SearchListViewModel.swift */; };
		84385709293B49A6008371D2 /* MainCustomButton.swift in Sources */ = {isa = PBXBuildFile; fileRef = 84385708293B49A6008371D2 /* MainCustomButton.swift */; };
		8438570E293B4ADA008371D2 /* Cairo-Bold.ttf in Resources */ = {isa = PBXBuildFile; fileRef = 8438570C293B4ADA008371D2 /* Cairo-Bold.ttf */; };
		8438570F293B4ADA008371D2 /* Cairo-SemiBold.ttf in Resources */ = {isa = PBXBuildFile; fileRef = 8438570D293B4ADA008371D2 /* Cairo-SemiBold.ttf */; };
		84385711293B4B50008371D2 /* Fonts.swift in Sources */ = {isa = PBXBuildFile; fileRef = 84385710293B4B50008371D2 /* Fonts.swift */; };
		84385714293B4BA0008371D2 /* UIFont+Extension.swift in Sources */ = {isa = PBXBuildFile; fileRef = 84385713293B4BA0008371D2 /* UIFont+Extension.swift */; };
		8438571A293B4E2D008371D2 /* EmployeeFormViewModel.swift in Sources */ = {isa = PBXBuildFile; fileRef = 84385719293B4E2D008371D2 /* EmployeeFormViewModel.swift */; };
		8438571E293B4E69008371D2 /* EmployeeFormVC.swift in Sources */ = {isa = PBXBuildFile; fileRef = 8438571C293B4E69008371D2 /* EmployeeFormVC.swift */; };
		8438571F293B4E69008371D2 /* EmployeeFormVC.xib in Resources */ = {isa = PBXBuildFile; fileRef = 8438571D293B4E69008371D2 /* EmployeeFormVC.xib */; };
		84385722293B542C008371D2 /* UITextField+Extension.swift in Sources */ = {isa = PBXBuildFile; fileRef = 84385721293B542C008371D2 /* UITextField+Extension.swift */; };
		84385725293B5456008371D2 /* UIView+Extension.swift in Sources */ = {isa = PBXBuildFile; fileRef = 84385724293B5456008371D2 /* UIView+Extension.swift */; };
		84F1984A293B64F5009BDC48 /* SkillModel+CoreDataClass.swift in Sources */ = {isa = PBXBuildFile; fileRef = 84F19848293B64F5009BDC48 /* SkillModel+CoreDataClass.swift */; };
		84F1984B293B64F5009BDC48 /* SkillModel+CoreDataProperties.swift in Sources */ = {isa = PBXBuildFile; fileRef = 84F19849293B64F5009BDC48 /* SkillModel+CoreDataProperties.swift */; };
		84F1984E293B6675009BDC48 /* CoreDataStack.swift in Sources */ = {isa = PBXBuildFile; fileRef = 84F1984D293B6675009BDC48 /* CoreDataStack.swift */; };
		84F19851293B69BC009BDC48 /* skills.json in Resources */ = {isa = PBXBuildFile; fileRef = 84F19850293B69BC009BDC48 /* skills.json */; };
		84F19855293B710A009BDC48 /* SkillCell.swift in Sources */ = {isa = PBXBuildFile; fileRef = 84F19853293B710A009BDC48 /* SkillCell.swift */; };
		84F19856293B710A009BDC48 /* SkillCell.xib in Resources */ = {isa = PBXBuildFile; fileRef = 84F19854293B710A009BDC48 /* SkillCell.xib */; };
		84F19859293B7196009BDC48 /* UICollectionView+Extensions.swift in Sources */ = {isa = PBXBuildFile; fileRef = 84F19858293B7196009BDC48 /* UICollectionView+Extensions.swift */; };
		84F1985B293B7222009BDC48 /* EmployeeFormVC+Extension.swift in Sources */ = {isa = PBXBuildFile; fileRef = 84F1985A293B7222009BDC48 /* EmployeeFormVC+Extension.swift */; };
		84F1985E293B7400009BDC48 /* String+Extension.swift in Sources */ = {isa = PBXBuildFile; fileRef = 84F1985D293B7400009BDC48 /* String+Extension.swift */; };
		84F19866293B8A82009BDC48 /* Employee+CoreDataClass.swift in Sources */ = {isa = PBXBuildFile; fileRef = 84F19864293B8A82009BDC48 /* Employee+CoreDataClass.swift */; };
		84F19867293B8A82009BDC48 /* Employee+CoreDataProperties.swift in Sources */ = {isa = PBXBuildFile; fileRef = 84F19865293B8A82009BDC48 /* Employee+CoreDataProperties.swift */; };
		84F1986A293B8F3E009BDC48 /* UIDevice+Extension.swift in Sources */ = {isa = PBXBuildFile; fileRef = 84F19869293B8F3E009BDC48 /* UIDevice+Extension.swift */; };
/* End PBXBuildFile section */

/* Begin PBXFileReference section */
		841F4A7D293B991B00BE87D1 /* EmployeeCell.swift */ = {isa = PBXFileReference; lastKnownFileType = sourcecode.swift; path = EmployeeCell.swift; sourceTree = "<group>"; };
		841F4A7E293B991B00BE87D1 /* EmployeeCell.xib */ = {isa = PBXFileReference; lastKnownFileType = file.xib; path = EmployeeCell.xib; sourceTree = "<group>"; };
		841F4A82293B9CC000BE87D1 /* UITableView+Extensions.swift */ = {isa = PBXFileReference; lastKnownFileType = sourcecode.swift; path = "UITableView+Extensions.swift"; sourceTree = "<group>"; };
		841F4A84293B9D0800BE87D1 /* SearchListVC+Extension.swift */ = {isa = PBXFileReference; lastKnownFileType = sourcecode.swift; path = "SearchListVC+Extension.swift"; sourceTree = "<group>"; };
		841F4A86293BC71100BE87D1 /* Strings.swift */ = {isa = PBXFileReference; fileEncoding = 4; lastKnownFileType = sourcecode.swift; path = Strings.swift; sourceTree = "<group>"; };
		841F4A8E293BDCD400BE87D1 /* EmployeeCell+Extension.swift */ = {isa = PBXFileReference; lastKnownFileType = sourcecode.swift; path = "EmployeeCell+Extension.swift"; sourceTree = "<group>"; };
		8438569E293B2FEA008371D2 /* EmployeesTask.app */ = {isa = PBXFileReference; explicitFileType = wrapper.application; includeInIndex = 0; path = EmployeesTask.app; sourceTree = BUILT_PRODUCTS_DIR; };
		843856A1293B2FEA008371D2 /* AppDelegate.swift */ = {isa = PBXFileReference; lastKnownFileType = sourcecode.swift; path = AppDelegate.swift; sourceTree = "<group>"; };
		843856A3293B2FEA008371D2 /* SceneDelegate.swift */ = {isa = PBXFileReference; lastKnownFileType = sourcecode.swift; path = SceneDelegate.swift; sourceTree = "<group>"; };
		843856AB293B2FEA008371D2 /* EmployeesTask.xcdatamodel */ = {isa = PBXFileReference; lastKnownFileType = wrapper.xcdatamodel; path = EmployeesTask.xcdatamodel; sourceTree = "<group>"; };
		843856AD293B2FEB008371D2 /* Images.xcassets */ = {isa = PBXFileReference; lastKnownFileType = folder.assetcatalog; path = Images.xcassets; sourceTree = "<group>"; };
		843856B0293B2FEB008371D2 /* Base */ = {isa = PBXFileReference; lastKnownFileType = file.storyboard; name = Base; path = Base.lproj/LaunchScreen.storyboard; sourceTree = "<group>"; };
		843856B2293B2FEB008371D2 /* Info.plist */ = {isa = PBXFileReference; lastKnownFileType = text.plist.xml; path = Info.plist; sourceTree = "<group>"; };
		843856BC293B3345008371D2 /* Colors.xcassets */ = {isa = PBXFileReference; lastKnownFileType = folder.assetcatalog; path = Colors.xcassets; sourceTree = "<group>"; };
		843856BE293B3391008371D2 /* XCAssets+Generated.swift */ = {isa = PBXFileReference; fileEncoding = 4; lastKnownFileType = sourcecode.swift; path = "XCAssets+Generated.swift"; sourceTree = "<group>"; };
		843856C1293B34CC008371D2 /* Localizable.strings */ = {isa = PBXFileReference; lastKnownFileType = text.plist.strings; path = Localizable.strings; sourceTree = "<group>"; };
		843856E4293B3EED008371D2 /* AppManager.swift */ = {isa = PBXFileReference; lastKnownFileType = sourcecode.swift; path = AppManager.swift; sourceTree = "<group>"; };
		843856E6293B3EFA008371D2 /* ScenesContainer.swift */ = {isa = PBXFileReference; lastKnownFileType = sourcecode.swift; path = ScenesContainer.swift; sourceTree = "<group>"; };
		843856EC293B3F6B008371D2 /* SearchListVc.swift */ = {isa = PBXFileReference; lastKnownFileType = sourcecode.swift; path = SearchListVc.swift; sourceTree = "<group>"; };
		843856ED293B3F6B008371D2 /* SearchListVc.xib */ = {isa = PBXFileReference; lastKnownFileType = file.xib; path = SearchListVc.xib; sourceTree = "<group>"; };
		843856F6293B427C008371D2 /* BaseView.swift */ = {isa = PBXFileReference; lastKnownFileType = sourcecode.swift; path = BaseView.swift; sourceTree = "<group>"; };
		843856F9293B4298008371D2 /* BaseVC.swift */ = {isa = PBXFileReference; lastKnownFileType = sourcecode.swift; path = BaseVC.swift; sourceTree = "<group>"; };
		843856FB293B42A8008371D2 /* BaseViewModel.swift */ = {isa = PBXFileReference; lastKnownFileType = sourcecode.swift; path = BaseViewModel.swift; sourceTree = "<group>"; };
		84385705293B44E6008371D2 /* SearchListViewModel.swift */ = {isa = PBXFileReference; lastKnownFileType = sourcecode.swift; path = SearchListViewModel.swift; sourceTree = "<group>"; };
		84385708293B49A6008371D2 /* MainCustomButton.swift */ = {isa = PBXFileReference; lastKnownFileType = sourcecode.swift; path = MainCustomButton.swift; sourceTree = "<group>"; };
		8438570C293B4ADA008371D2 /* Cairo-Bold.ttf */ = {isa = PBXFileReference; lastKnownFileType = file; path = "Cairo-Bold.ttf"; sourceTree = "<group>"; };
		8438570D293B4ADA008371D2 /* Cairo-SemiBold.ttf */ = {isa = PBXFileReference; lastKnownFileType = file; path = "Cairo-SemiBold.ttf"; sourceTree = "<group>"; };
		84385710293B4B50008371D2 /* Fonts.swift */ = {isa = PBXFileReference; fileEncoding = 4; lastKnownFileType = sourcecode.swift; path = Fonts.swift; sourceTree = "<group>"; };
		84385713293B4BA0008371D2 /* UIFont+Extension.swift */ = {isa = PBXFileReference; lastKnownFileType = sourcecode.swift; path = "UIFont+Extension.swift"; sourceTree = "<group>"; };
		84385719293B4E2D008371D2 /* EmployeeFormViewModel.swift */ = {isa = PBXFileReference; lastKnownFileType = sourcecode.swift; path = EmployeeFormViewModel.swift; sourceTree = "<group>"; };
		8438571C293B4E69008371D2 /* EmployeeFormVC.swift */ = {isa = PBXFileReference; lastKnownFileType = sourcecode.swift; path = EmployeeFormVC.swift; sourceTree = "<group>"; };
		8438571D293B4E69008371D2 /* EmployeeFormVC.xib */ = {isa = PBXFileReference; lastKnownFileType = file.xib; path = EmployeeFormVC.xib; sourceTree = "<group>"; };
		84385721293B542C008371D2 /* UITextField+Extension.swift */ = {isa = PBXFileReference; lastKnownFileType = sourcecode.swift; path = "UITextField+Extension.swift"; sourceTree = "<group>"; };
		84385724293B5456008371D2 /* UIView+Extension.swift */ = {isa = PBXFileReference; lastKnownFileType = sourcecode.swift; path = "UIView+Extension.swift"; sourceTree = "<group>"; };
		84F19848293B64F5009BDC48 /* SkillModel+CoreDataClass.swift */ = {isa = PBXFileReference; lastKnownFileType = sourcecode.swift; path = "SkillModel+CoreDataClass.swift"; sourceTree = "<group>"; };
		84F19849293B64F5009BDC48 /* SkillModel+CoreDataProperties.swift */ = {isa = PBXFileReference; lastKnownFileType = sourcecode.swift; path = "SkillModel+CoreDataProperties.swift"; sourceTree = "<group>"; };
		84F1984D293B6675009BDC48 /* CoreDataStack.swift */ = {isa = PBXFileReference; lastKnownFileType = sourcecode.swift; path = CoreDataStack.swift; sourceTree = "<group>"; };
		84F19850293B69BC009BDC48 /* skills.json */ = {isa = PBXFileReference; fileEncoding = 4; lastKnownFileType = text.json; path = skills.json; sourceTree = "<group>"; };
		84F19853293B710A009BDC48 /* SkillCell.swift */ = {isa = PBXFileReference; lastKnownFileType = sourcecode.swift; path = SkillCell.swift; sourceTree = "<group>"; };
		84F19854293B710A009BDC48 /* SkillCell.xib */ = {isa = PBXFileReference; lastKnownFileType = file.xib; path = SkillCell.xib; sourceTree = "<group>"; };
		84F19858293B7196009BDC48 /* UICollectionView+Extensions.swift */ = {isa = PBXFileReference; lastKnownFileType = sourcecode.swift; path = "UICollectionView+Extensions.swift"; sourceTree = "<group>"; };
		84F1985A293B7222009BDC48 /* EmployeeFormVC+Extension.swift */ = {isa = PBXFileReference; lastKnownFileType = sourcecode.swift; path = "EmployeeFormVC+Extension.swift"; sourceTree = "<group>"; };
		84F1985D293B7400009BDC48 /* String+Extension.swift */ = {isa = PBXFileReference; lastKnownFileType = sourcecode.swift; path = "String+Extension.swift"; sourceTree = "<group>"; };
		84F19864293B8A82009BDC48 /* Employee+CoreDataClass.swift */ = {isa = PBXFileReference; lastKnownFileType = sourcecode.swift; path = "Employee+CoreDataClass.swift"; sourceTree = "<group>"; };
		84F19865293B8A82009BDC48 /* Employee+CoreDataProperties.swift */ = {isa = PBXFileReference; lastKnownFileType = sourcecode.swift; path = "Employee+CoreDataProperties.swift"; sourceTree = "<group>"; };
		84F19869293B8F3E009BDC48 /* UIDevice+Extension.swift */ = {isa = PBXFileReference; lastKnownFileType = sourcecode.swift; path = "UIDevice+Extension.swift"; sourceTree = "<group>"; };
/* End PBXFileReference section */

/* Begin PBXFrameworksBuildPhase section */
		8438569B293B2FEA008371D2 /* Frameworks */ = {
			isa = PBXFrameworksBuildPhase;
			buildActionMask = 2147483647;
			files = (
				84385702293B4326008371D2 /* SwiftMessages in Frameworks */,
				843856FF293B42FB008371D2 /* MBProgressHUD in Frameworks */,
				841F4A92293BECB500BE87D1 /* IQKeyboardManagerSwift in Frameworks */,
			);
			runOnlyForDeploymentPostprocessing = 0;
		};
/* End PBXFrameworksBuildPhase section */

/* Begin PBXGroup section */
		841F4A7C293B98F600BE87D1 /* Cell */ = {
			isa = PBXGroup;
			children = (
				841F4A7D293B991B00BE87D1 /* EmployeeCell.swift */,
				841F4A7E293B991B00BE87D1 /* EmployeeCell.xib */,
				841F4A8E293BDCD400BE87D1 /* EmployeeCell+Extension.swift */,
			);
			path = Cell;
			sourceTree = "<group>";
		};
		841F4A81293B9CAA00BE87D1 /* UITableView */ = {
			isa = PBXGroup;
			children = (
				841F4A82293B9CC000BE87D1 /* UITableView+Extensions.swift */,
			);
			path = UITableView;
			sourceTree = "<group>";
		};
		84385695293B2FEA008371D2 = {
			isa = PBXGroup;
			children = (
				843856A0293B2FEA008371D2 /* EmployeesTask */,
				8438569F293B2FEA008371D2 /* Products */,
			);
			sourceTree = "<group>";
		};
		8438569F293B2FEA008371D2 /* Products */ = {
			isa = PBXGroup;
			children = (
				8438569E293B2FEA008371D2 /* EmployeesTask.app */,
			);
			name = Products;
			sourceTree = "<group>";
		};
		843856A0293B2FEA008371D2 /* EmployeesTask */ = {
			isa = PBXGroup;
			children = (
				843856F0293B3FC4008371D2 /* App + Scene Delegates */,
				843856B9293B3202008371D2 /* Resources */,
				843856F2293B4249008371D2 /* Base */,
				843856E2293B3EBA008371D2 /* Services */,
				843856E8293B3F16008371D2 /* Features */,
				84385703293B4497008371D2 /* Data */,
			);
			path = EmployeesTask;
			sourceTree = "<group>";
		};
		843856B9293B3202008371D2 /* Resources */ = {
			isa = PBXGroup;
			children = (
				843856F1293B4185008371D2 /* Configurations */,
				843856C0293B33DD008371D2 /* Localization */,
				843856BA293B321C008371D2 /* Assets */,
				8438570B293B4AC8008371D2 /* Fonts */,
				843856AF293B2FEB008371D2 /* LaunchScreen.storyboard */,
			);
			path = Resources;
			sourceTree = "<group>";
		};
		843856BA293B321C008371D2 /* Assets */ = {
			isa = PBXGroup;
			children = (
				843856AD293B2FEB008371D2 /* Images.xcassets */,
				843856BC293B3345008371D2 /* Colors.xcassets */,
				843856BE293B3391008371D2 /* XCAssets+Generated.swift */,
			);
			path = Assets;
			sourceTree = "<group>";
		};
		843856C0293B33DD008371D2 /* Localization */ = {
			isa = PBXGroup;
			children = (
				841F4A86293BC71100BE87D1 /* Strings.swift */,
				843856C1293B34CC008371D2 /* Localizable.strings */,
			);
			path = Localization;
			sourceTree = "<group>";
		};
		843856E2293B3EBA008371D2 /* Services */ = {
			isa = PBXGroup;
			children = (
				843856E3293B3ED0008371D2 /* Navigation */,
				8438570A293B4A70008371D2 /* Extensions */,
			);
			path = Services;
			sourceTree = "<group>";
		};
		843856E3293B3ED0008371D2 /* Navigation */ = {
			isa = PBXGroup;
			children = (
				843856E4293B3EED008371D2 /* AppManager.swift */,
				843856E6293B3EFA008371D2 /* ScenesContainer.swift */,
			);
			path = Navigation;
			sourceTree = "<group>";
		};
		843856E8293B3F16008371D2 /* Features */ = {
			isa = PBXGroup;
			children = (
				84385707293B4983008371D2 /* ReusableCustomView */,
				843856E9293B3F4D008371D2 /* List */,
				84385715293B4DA8008371D2 /* EmployeeForm */,
			);
			path = Features;
			sourceTree = "<group>";
		};
		843856E9293B3F4D008371D2 /* List */ = {
			isa = PBXGroup;
			children = (
				84385704293B44D2008371D2 /* ViewModel */,
				843856EA293B3F54008371D2 /* View */,
			);
			path = List;
			sourceTree = "<group>";
		};
		843856EA293B3F54008371D2 /* View */ = {
			isa = PBXGroup;
			children = (
				841F4A7C293B98F600BE87D1 /* Cell */,
				843856EB293B3F5A008371D2 /* VC */,
			);
			path = View;
			sourceTree = "<group>";
		};
		843856EB293B3F5A008371D2 /* VC */ = {
			isa = PBXGroup;
			children = (
				843856EC293B3F6B008371D2 /* SearchListVc.swift */,
				843856ED293B3F6B008371D2 /* SearchListVc.xib */,
				841F4A84293B9D0800BE87D1 /* SearchListVC+Extension.swift */,
			);
			path = VC;
			sourceTree = "<group>";
		};
		843856F0293B3FC4008371D2 /* App + Scene Delegates */ = {
			isa = PBXGroup;
			children = (
				843856A1293B2FEA008371D2 /* AppDelegate.swift */,
				843856A3293B2FEA008371D2 /* SceneDelegate.swift */,
			);
			path = "App + Scene Delegates";
			sourceTree = "<group>";
		};
		843856F1293B4185008371D2 /* Configurations */ = {
			isa = PBXGroup;
			children = (
				843856B2293B2FEB008371D2 /* Info.plist */,
			);
			path = Configurations;
			sourceTree = "<group>";
		};
		843856F2293B4249008371D2 /* Base */ = {
			isa = PBXGroup;
			children = (
				843856F4293B4262008371D2 /* View */,
				843856F3293B4252008371D2 /* ViewModel */,
			);
			path = Base;
			sourceTree = "<group>";
		};
		843856F3293B4252008371D2 /* ViewModel */ = {
			isa = PBXGroup;
			children = (
				843856FB293B42A8008371D2 /* BaseViewModel.swift */,
			);
			path = ViewModel;
			sourceTree = "<group>";
		};
		843856F4293B4262008371D2 /* View */ = {
			isa = PBXGroup;
			children = (
				843856F6293B427C008371D2 /* BaseView.swift */,
				843856F9293B4298008371D2 /* BaseVC.swift */,
			);
			path = View;
			sourceTree = "<group>";
		};
		84385703293B4497008371D2 /* Data */ = {
			isa = PBXGroup;
			children = (
				84F1984C293B6658009BDC48 /* CoreData Stack */,
				84F19846293B64DA009BDC48 /* Model */,
				843856AA293B2FEA008371D2 /* EmployeesTask.xcdatamodeld */,
			);
			path = Data;
			sourceTree = "<group>";
		};
		84385704293B44D2008371D2 /* ViewModel */ = {
			isa = PBXGroup;
			children = (
				84385705293B44E6008371D2 /* SearchListViewModel.swift */,
			);
			path = ViewModel;
			sourceTree = "<group>";
		};
		84385707293B4983008371D2 /* ReusableCustomView */ = {
			isa = PBXGroup;
			children = (
				84385708293B49A6008371D2 /* MainCustomButton.swift */,
			);
			path = ReusableCustomView;
			sourceTree = "<group>";
		};
		8438570A293B4A70008371D2 /* Extensions */ = {
			isa = PBXGroup;
			children = (
				841F4A81293B9CAA00BE87D1 /* UITableView */,
				84F19868293B8F2B009BDC48 /* UIDevice */,
				84F1985C293B73F1009BDC48 /* String */,
				84F19857293B7134009BDC48 /* UICollectionview */,
				84385723293B5444008371D2 /* UIView */,
				84385720293B5414008371D2 /* UITextField */,
				84385712293B4B8C008371D2 /* UIFont */,
			);
			path = Extensions;
			sourceTree = "<group>";
		};
		8438570B293B4AC8008371D2 /* Fonts */ = {
			isa = PBXGroup;
			children = (
				84385710293B4B50008371D2 /* Fonts.swift */,
				8438570C293B4ADA008371D2 /* Cairo-Bold.ttf */,
				8438570D293B4ADA008371D2 /* Cairo-SemiBold.ttf */,
			);
			path = Fonts;
			sourceTree = "<group>";
		};
		84385712293B4B8C008371D2 /* UIFont */ = {
			isa = PBXGroup;
			children = (
				84385713293B4BA0008371D2 /* UIFont+Extension.swift */,
			);
			path = UIFont;
			sourceTree = "<group>";
		};
		84385715293B4DA8008371D2 /* EmployeeForm */ = {
			isa = PBXGroup;
			children = (
				84385717293B4DE9008371D2 /* ViewModel */,
				84385716293B4DE4008371D2 /* View */,
			);
			path = EmployeeForm;
			sourceTree = "<group>";
		};
		84385716293B4DE4008371D2 /* View */ = {
			isa = PBXGroup;
			children = (
				84F19852293B70B4009BDC48 /* Cell */,
				8438571B293B4E4E008371D2 /* VC */,
			);
			path = View;
			sourceTree = "<group>";
		};
		84385717293B4DE9008371D2 /* ViewModel */ = {
			isa = PBXGroup;
			children = (
				84385719293B4E2D008371D2 /* EmployeeFormViewModel.swift */,
			);
			path = ViewModel;
			sourceTree = "<group>";
		};
		8438571B293B4E4E008371D2 /* VC */ = {
			isa = PBXGroup;
			children = (
				84F1985A293B7222009BDC48 /* EmployeeFormVC+Extension.swift */,
				8438571C293B4E69008371D2 /* EmployeeFormVC.swift */,
				8438571D293B4E69008371D2 /* EmployeeFormVC.xib */,
			);
			path = VC;
			sourceTree = "<group>";
		};
		84385720293B5414008371D2 /* UITextField */ = {
			isa = PBXGroup;
			children = (
				84385721293B542C008371D2 /* UITextField+Extension.swift */,
			);
			path = UITextField;
			sourceTree = "<group>";
		};
		84385723293B5444008371D2 /* UIView */ = {
			isa = PBXGroup;
			children = (
				84385724293B5456008371D2 /* UIView+Extension.swift */,
			);
			path = UIView;
			sourceTree = "<group>";
		};
		84F19846293B64DA009BDC48 /* Model */ = {
			isa = PBXGroup;
			children = (
				84F1985F293B88F2009BDC48 /* Employee */,
				84F1984F293B691F009BDC48 /* Json */,
				84F19847293B64E0009BDC48 /* Skills */,
			);
			path = Model;
			sourceTree = "<group>";
		};
		84F19847293B64E0009BDC48 /* Skills */ = {
			isa = PBXGroup;
			children = (
				84F19848293B64F5009BDC48 /* SkillModel+CoreDataClass.swift */,
				84F19849293B64F5009BDC48 /* SkillModel+CoreDataProperties.swift */,
			);
			path = Skills;
			sourceTree = "<group>";
		};
		84F1984C293B6658009BDC48 /* CoreData Stack */ = {
			isa = PBXGroup;
			children = (
				84F1984D293B6675009BDC48 /* CoreDataStack.swift */,
			);
			path = "CoreData Stack";
			sourceTree = "<group>";
		};
		84F1984F293B691F009BDC48 /* Json */ = {
			isa = PBXGroup;
			children = (
				84F19850293B69BC009BDC48 /* skills.json */,
			);
			path = Json;
			sourceTree = "<group>";
		};
		84F19852293B70B4009BDC48 /* Cell */ = {
			isa = PBXGroup;
			children = (
				84F19853293B710A009BDC48 /* SkillCell.swift */,
				84F19854293B710A009BDC48 /* SkillCell.xib */,
			);
			path = Cell;
			sourceTree = "<group>";
		};
		84F19857293B7134009BDC48 /* UICollectionview */ = {
			isa = PBXGroup;
			children = (
				84F19858293B7196009BDC48 /* UICollectionView+Extensions.swift */,
			);
			path = UICollectionview;
			sourceTree = "<group>";
		};
		84F1985C293B73F1009BDC48 /* String */ = {
			isa = PBXGroup;
			children = (
				84F1985D293B7400009BDC48 /* String+Extension.swift */,
			);
			path = String;
			sourceTree = "<group>";
		};
		84F1985F293B88F2009BDC48 /* Employee */ = {
			isa = PBXGroup;
			children = (
				84F19864293B8A82009BDC48 /* Employee+CoreDataClass.swift */,
				84F19865293B8A82009BDC48 /* Employee+CoreDataProperties.swift */,
			);
			path = Employee;
			sourceTree = "<group>";
		};
		84F19868293B8F2B009BDC48 /* UIDevice */ = {
			isa = PBXGroup;
			children = (
				84F19869293B8F3E009BDC48 /* UIDevice+Extension.swift */,
			);
			path = UIDevice;
			sourceTree = "<group>";
		};
/* End PBXGroup section */

/* Begin PBXNativeTarget section */
		8438569D293B2FEA008371D2 /* EmployeesTask */ = {
			isa = PBXNativeTarget;
			buildConfigurationList = 843856B5293B2FEB008371D2 /* Build configuration list for PBXNativeTarget "EmployeesTask" */;
			buildPhases = (
				8438569A293B2FEA008371D2 /* Sources */,
				8438569B293B2FEA008371D2 /* Frameworks */,
				8438569C293B2FEA008371D2 /* Resources */,
				843856B8293B3134008371D2 /* Swiftlint */,
				843856BB293B32D9008371D2 /* SwiftGen */,
			);
			buildRules = (
			);
			dependencies = (
			);
			name = EmployeesTask;
			packageProductDependencies = (
				843856FE293B42FB008371D2 /* MBProgressHUD */,
				84385701293B4326008371D2 /* SwiftMessages */,
				841F4A91293BECB500BE87D1 /* IQKeyboardManagerSwift */,
			);
			productName = EmployeesTask;
			productReference = 8438569E293B2FEA008371D2 /* EmployeesTask.app */;
			productType = "com.apple.product-type.application";
		};
/* End PBXNativeTarget section */

/* Begin PBXProject section */
		84385696293B2FEA008371D2 /* Project object */ = {
			isa = PBXProject;
			attributes = {
				BuildIndependentTargetsInParallel = 1;
				LastSwiftUpdateCheck = 1400;
				LastUpgradeCheck = 1400;
				TargetAttributes = {
					8438569D293B2FEA008371D2 = {
						CreatedOnToolsVersion = 14.0;
					};
				};
			};
			buildConfigurationList = 84385699293B2FEA008371D2 /* Build configuration list for PBXProject "EmployeesTask" */;
			compatibilityVersion = "Xcode 14.0";
			developmentRegion = en;
			hasScannedForEncodings = 0;
			knownRegions = (
				en,
				Base,
			);
			mainGroup = 84385695293B2FEA008371D2;
			packageReferences = (
				843856FD293B42FB008371D2 /* XCRemoteSwiftPackageReference "MBProgressHUD" */,
				84385700293B4326008371D2 /* XCRemoteSwiftPackageReference "SwiftMessages" */,
				841F4A90293BECB500BE87D1 /* XCRemoteSwiftPackageReference "IQKeyboardManager" */,
			);
			productRefGroup = 8438569F293B2FEA008371D2 /* Products */;
			projectDirPath = "";
			projectRoot = "";
			targets = (
				8438569D293B2FEA008371D2 /* EmployeesTask */,
			);
		};
/* End PBXProject section */

/* Begin PBXResourcesBuildPhase section */
		8438569C293B2FEA008371D2 /* Resources */ = {
			isa = PBXResourcesBuildPhase;
			buildActionMask = 2147483647;
			files = (
				8438571F293B4E69008371D2 /* EmployeeFormVC.xib in Resources */,
				843856C2293B34CC008371D2 /* Localizable.strings in Resources */,
				843856B1293B2FEB008371D2 /* LaunchScreen.storyboard in Resources */,
				84F19856293B710A009BDC48 /* SkillCell.xib in Resources */,
				843856BD293B3345008371D2 /* Colors.xcassets in Resources */,
				843856AE293B2FEB008371D2 /* Images.xcassets in Resources */,
				8438570E293B4ADA008371D2 /* Cairo-Bold.ttf in Resources */,
				84F19851293B69BC009BDC48 /* skills.json in Resources */,
				841F4A80293B991B00BE87D1 /* EmployeeCell.xib in Resources */,
				843856EF293B3F6B008371D2 /* SearchListVc.xib in Resources */,
				8438570F293B4ADA008371D2 /* Cairo-SemiBold.ttf in Resources */,
			);
			runOnlyForDeploymentPostprocessing = 0;
		};
/* End PBXResourcesBuildPhase section */

/* Begin PBXShellScriptBuildPhase section */
		843856B8293B3134008371D2 /* Swiftlint */ = {
			isa = PBXShellScriptBuildPhase;
			alwaysOutOfDate = 1;
			buildActionMask = 2147483647;
			files = (
			);
			inputFileListPaths = (
			);
			inputPaths = (
			);
			name = Swiftlint;
			outputFileListPaths = (
			);
			outputPaths = (
			);
			runOnlyForDeploymentPostprocessing = 0;
			shellPath = /bin/sh;
			shellScript = "if which swiftlint >/dev/null; then\n  swiftlint\nelse\n  echo \"warning: SwiftLint not installed, download from https://github.com/realm/SwiftLint\"\nfi\n";
		};
		843856BB293B32D9008371D2 /* SwiftGen */ = {
			isa = PBXShellScriptBuildPhase;
			alwaysOutOfDate = 1;
			buildActionMask = 2147483647;
			files = (
			);
			inputFileListPaths = (
			);
			inputPaths = (
			);
			name = SwiftGen;
			outputFileListPaths = (
			);
			outputPaths = (
			);
			runOnlyForDeploymentPostprocessing = 0;
			shellPath = /bin/sh;
			shellScript = "\nswiftgen\n";
		};
/* End PBXShellScriptBuildPhase section */

/* Begin PBXSourcesBuildPhase section */
		8438569A293B2FEA008371D2 /* Sources */ = {
			isa = PBXSourcesBuildPhase;
			buildActionMask = 2147483647;
			files = (
				84F1984B293B64F5009BDC48 /* SkillModel+CoreDataProperties.swift in Sources */,
				84F19866293B8A82009BDC48 /* Employee+CoreDataClass.swift in Sources */,
				84385711293B4B50008371D2 /* Fonts.swift in Sources */,
				843856E5293B3EED008371D2 /* AppManager.swift in Sources */,
				84F1986A293B8F3E009BDC48 /* UIDevice+Extension.swift in Sources */,
				843856FC293B42A8008371D2 /* BaseViewModel.swift in Sources */,
				84385714293B4BA0008371D2 /* UIFont+Extension.swift in Sources */,
				84385706293B44E6008371D2 /* SearchListViewModel.swift in Sources */,
				84F1985E293B7400009BDC48 /* String+Extension.swift in Sources */,
				841F4A7F293B991B00BE87D1 /* EmployeeCell.swift in Sources */,
				841F4A85293B9D0800BE87D1 /* SearchListVC+Extension.swift in Sources */,
				841F4A83293B9CC000BE87D1 /* UITableView+Extensions.swift in Sources */,
				841F4A8F293BDCD400BE87D1 /* EmployeeCell+Extension.swift in Sources */,
				84F1984A293B64F5009BDC48 /* SkillModel+CoreDataClass.swift in Sources */,
				8438571E293B4E69008371D2 /* EmployeeFormVC.swift in Sources */,
				84F1985B293B7222009BDC48 /* EmployeeFormVC+Extension.swift in Sources */,
				84385709293B49A6008371D2 /* MainCustomButton.swift in Sources */,
				8438571A293B4E2D008371D2 /* EmployeeFormViewModel.swift in Sources */,
				84F19867293B8A82009BDC48 /* Employee+CoreDataProperties.swift in Sources */,
				841F4A87293BC71100BE87D1 /* Strings.swift in Sources */,
				843856EE293B3F6B008371D2 /* SearchListVc.swift in Sources */,
				84385722293B542C008371D2 /* UITextField+Extension.swift in Sources */,
				843856BF293B3391008371D2 /* XCAssets+Generated.swift in Sources */,
				843856AC293B2FEA008371D2 /* EmployeesTask.xcdatamodeld in Sources */,
				84385725293B5456008371D2 /* UIView+Extension.swift in Sources */,
				843856E7293B3EFA008371D2 /* ScenesContainer.swift in Sources */,
				843856A2293B2FEA008371D2 /* AppDelegate.swift in Sources */,
				84F1984E293B6675009BDC48 /* CoreDataStack.swift in Sources */,
				843856F7293B427C008371D2 /* BaseView.swift in Sources */,
				84F19855293B710A009BDC48 /* SkillCell.swift in Sources */,
				84F19859293B7196009BDC48 /* UICollectionView+Extensions.swift in Sources */,
				843856A4293B2FEA008371D2 /* SceneDelegate.swift in Sources */,
				843856FA293B4298008371D2 /* BaseVC.swift in Sources */,
			);
			runOnlyForDeploymentPostprocessing = 0;
		};
/* End PBXSourcesBuildPhase section */

/* Begin PBXVariantGroup section */
		843856AF293B2FEB008371D2 /* LaunchScreen.storyboard */ = {
			isa = PBXVariantGroup;
			children = (
				843856B0293B2FEB008371D2 /* Base */,
			);
			name = LaunchScreen.storyboard;
			path = Localization;
			sourceTree = "<group>";
		};
/* End PBXVariantGroup section */

/* Begin XCBuildConfiguration section */
		843856B3293B2FEB008371D2 /* Debug */ = {
			isa = XCBuildConfiguration;
			buildSettings = {
				ALWAYS_SEARCH_USER_PATHS = NO;
				CLANG_ANALYZER_NONNULL = YES;
				CLANG_ANALYZER_NUMBER_OBJECT_CONVERSION = YES_AGGRESSIVE;
				CLANG_CXX_LANGUAGE_STANDARD = "gnu++20";
				CLANG_ENABLE_MODULES = YES;
				CLANG_ENABLE_OBJC_ARC = YES;
				CLANG_ENABLE_OBJC_WEAK = YES;
				CLANG_WARN_BLOCK_CAPTURE_AUTORELEASING = YES;
				CLANG_WARN_BOOL_CONVERSION = YES;
				CLANG_WARN_COMMA = YES;
				CLANG_WARN_CONSTANT_CONVERSION = YES;
				CLANG_WARN_DEPRECATED_OBJC_IMPLEMENTATIONS = YES;
				CLANG_WARN_DIRECT_OBJC_ISA_USAGE = YES_ERROR;
				CLANG_WARN_DOCUMENTATION_COMMENTS = YES;
				CLANG_WARN_EMPTY_BODY = YES;
				CLANG_WARN_ENUM_CONVERSION = YES;
				CLANG_WARN_INFINITE_RECURSION = YES;
				CLANG_WARN_INT_CONVERSION = YES;
				CLANG_WARN_NON_LITERAL_NULL_CONVERSION = YES;
				CLANG_WARN_OBJC_IMPLICIT_RETAIN_SELF = YES;
				CLANG_WARN_OBJC_LITERAL_CONVERSION = YES;
				CLANG_WARN_OBJC_ROOT_CLASS = YES_ERROR;
				CLANG_WARN_QUOTED_INCLUDE_IN_FRAMEWORK_HEADER = YES;
				CLANG_WARN_RANGE_LOOP_ANALYSIS = YES;
				CLANG_WARN_STRICT_PROTOTYPES = YES;
				CLANG_WARN_SUSPICIOUS_MOVE = YES;
				CLANG_WARN_UNGUARDED_AVAILABILITY = YES_AGGRESSIVE;
				CLANG_WARN_UNREACHABLE_CODE = YES;
				CLANG_WARN__DUPLICATE_METHOD_MATCH = YES;
				COPY_PHASE_STRIP = NO;
				DEBUG_INFORMATION_FORMAT = dwarf;
				ENABLE_STRICT_OBJC_MSGSEND = YES;
				ENABLE_TESTABILITY = YES;
				GCC_C_LANGUAGE_STANDARD = gnu11;
				GCC_DYNAMIC_NO_PIC = NO;
				GCC_NO_COMMON_BLOCKS = YES;
				GCC_OPTIMIZATION_LEVEL = 0;
				GCC_PREPROCESSOR_DEFINITIONS = (
					"DEBUG=1",
					"$(inherited)",
				);
				GCC_WARN_64_TO_32_BIT_CONVERSION = YES;
				GCC_WARN_ABOUT_RETURN_TYPE = YES_ERROR;
				GCC_WARN_UNDECLARED_SELECTOR = YES;
				GCC_WARN_UNINITIALIZED_AUTOS = YES_AGGRESSIVE;
				GCC_WARN_UNUSED_FUNCTION = YES;
				GCC_WARN_UNUSED_VARIABLE = YES;
				IPHONEOS_DEPLOYMENT_TARGET = 16.0;
				MTL_ENABLE_DEBUG_INFO = INCLUDE_SOURCE;
				MTL_FAST_MATH = YES;
				ONLY_ACTIVE_ARCH = YES;
				SDKROOT = iphoneos;
				SWIFT_ACTIVE_COMPILATION_CONDITIONS = DEBUG;
				SWIFT_OPTIMIZATION_LEVEL = "-Onone";
			};
			name = Debug;
		};
		843856B4293B2FEB008371D2 /* Release */ = {
			isa = XCBuildConfiguration;
			buildSettings = {
				ALWAYS_SEARCH_USER_PATHS = NO;
				CLANG_ANALYZER_NONNULL = YES;
				CLANG_ANALYZER_NUMBER_OBJECT_CONVERSION = YES_AGGRESSIVE;
				CLANG_CXX_LANGUAGE_STANDARD = "gnu++20";
				CLANG_ENABLE_MODULES = YES;
				CLANG_ENABLE_OBJC_ARC = YES;
				CLANG_ENABLE_OBJC_WEAK = YES;
				CLANG_WARN_BLOCK_CAPTURE_AUTORELEASING = YES;
				CLANG_WARN_BOOL_CONVERSION = YES;
				CLANG_WARN_COMMA = YES;
				CLANG_WARN_CONSTANT_CONVERSION = YES;
				CLANG_WARN_DEPRECATED_OBJC_IMPLEMENTATIONS = YES;
				CLANG_WARN_DIRECT_OBJC_ISA_USAGE = YES_ERROR;
				CLANG_WARN_DOCUMENTATION_COMMENTS = YES;
				CLANG_WARN_EMPTY_BODY = YES;
				CLANG_WARN_ENUM_CONVERSION = YES;
				CLANG_WARN_INFINITE_RECURSION = YES;
				CLANG_WARN_INT_CONVERSION = YES;
				CLANG_WARN_NON_LITERAL_NULL_CONVERSION = YES;
				CLANG_WARN_OBJC_IMPLICIT_RETAIN_SELF = YES;
				CLANG_WARN_OBJC_LITERAL_CONVERSION = YES;
				CLANG_WARN_OBJC_ROOT_CLASS = YES_ERROR;
				CLANG_WARN_QUOTED_INCLUDE_IN_FRAMEWORK_HEADER = YES;
				CLANG_WARN_RANGE_LOOP_ANALYSIS = YES;
				CLANG_WARN_STRICT_PROTOTYPES = YES;
				CLANG_WARN_SUSPICIOUS_MOVE = YES;
				CLANG_WARN_UNGUARDED_AVAILABILITY = YES_AGGRESSIVE;
				CLANG_WARN_UNREACHABLE_CODE = YES;
				CLANG_WARN__DUPLICATE_METHOD_MATCH = YES;
				COPY_PHASE_STRIP = NO;
				DEBUG_INFORMATION_FORMAT = "dwarf-with-dsym";
				ENABLE_NS_ASSERTIONS = NO;
				ENABLE_STRICT_OBJC_MSGSEND = YES;
				GCC_C_LANGUAGE_STANDARD = gnu11;
				GCC_NO_COMMON_BLOCKS = YES;
				GCC_WARN_64_TO_32_BIT_CONVERSION = YES;
				GCC_WARN_ABOUT_RETURN_TYPE = YES_ERROR;
				GCC_WARN_UNDECLARED_SELECTOR = YES;
				GCC_WARN_UNINITIALIZED_AUTOS = YES_AGGRESSIVE;
				GCC_WARN_UNUSED_FUNCTION = YES;
				GCC_WARN_UNUSED_VARIABLE = YES;
				IPHONEOS_DEPLOYMENT_TARGET = 16.0;
				MTL_ENABLE_DEBUG_INFO = NO;
				MTL_FAST_MATH = YES;
				SDKROOT = iphoneos;
				SWIFT_COMPILATION_MODE = wholemodule;
				SWIFT_OPTIMIZATION_LEVEL = "-O";
				VALIDATE_PRODUCT = YES;
			};
			name = Release;
		};
		843856B6293B2FEB008371D2 /* Debug */ = {
			isa = XCBuildConfiguration;
			buildSettings = {
				ASSETCATALOG_COMPILER_APPICON_NAME = AppIcon;
				ASSETCATALOG_COMPILER_GLOBAL_ACCENT_COLOR_NAME = AccentColor;
				CODE_SIGN_STYLE = Automatic;
				CURRENT_PROJECT_VERSION = 1;
				DEVELOPMENT_TEAM = C3285PZR24;
				GENERATE_INFOPLIST_FILE = YES;
				INFOPLIST_FILE = EmployeesTask/Resources/Configurations/Info.plist;
				INFOPLIST_KEY_UIApplicationSupportsIndirectInputEvents = YES;
				INFOPLIST_KEY_UILaunchStoryboardName = LaunchScreen;
				INFOPLIST_KEY_UISupportedInterfaceOrientations_iPad = "UIInterfaceOrientationPortrait UIInterfaceOrientationPortraitUpsideDown UIInterfaceOrientationLandscapeLeft UIInterfaceOrientationLandscapeRight";
				INFOPLIST_KEY_UISupportedInterfaceOrientations_iPhone = "UIInterfaceOrientationPortrait UIInterfaceOrientationLandscapeLeft UIInterfaceOrientationLandscapeRight";
				IPHONEOS_DEPLOYMENT_TARGET = 13.0;
				LD_RUNPATH_SEARCH_PATHS = (
					"$(inherited)",
					"@executable_path/Frameworks",
				);
				MARKETING_VERSION = 1.0;
				PRODUCT_BUNDLE_IDENTIFIER = com.enozom.EmployeesTask;
				PRODUCT_NAME = "$(TARGET_NAME)";
				SWIFT_EMIT_LOC_STRINGS = YES;
				SWIFT_VERSION = 5.0;
				TARGETED_DEVICE_FAMILY = "1,2";
			};
			name = Debug;
		};
		843856B7293B2FEB008371D2 /* Release */ = {
			isa = XCBuildConfiguration;
			buildSettings = {
				ASSETCATALOG_COMPILER_APPICON_NAME = AppIcon;
				ASSETCATALOG_COMPILER_GLOBAL_ACCENT_COLOR_NAME = AccentColor;
				CODE_SIGN_STYLE = Automatic;
				CURRENT_PROJECT_VERSION = 1;
				DEVELOPMENT_TEAM = C3285PZR24;
				GENERATE_INFOPLIST_FILE = YES;
				INFOPLIST_FILE = EmployeesTask/Resources/Configurations/Info.plist;
				INFOPLIST_KEY_UIApplicationSupportsIndirectInputEvents = YES;
				INFOPLIST_KEY_UILaunchStoryboardName = LaunchScreen;
				INFOPLIST_KEY_UISupportedInterfaceOrientations_iPad = "UIInterfaceOrientationPortrait UIInterfaceOrientationPortraitUpsideDown UIInterfaceOrientationLandscapeLeft UIInterfaceOrientationLandscapeRight";
				INFOPLIST_KEY_UISupportedInterfaceOrientations_iPhone = "UIInterfaceOrientationPortrait UIInterfaceOrientationLandscapeLeft UIInterfaceOrientationLandscapeRight";
				IPHONEOS_DEPLOYMENT_TARGET = 13.0;
				LD_RUNPATH_SEARCH_PATHS = (
					"$(inherited)",
					"@executable_path/Frameworks",
				);
				MARKETING_VERSION = 1.0;
				PRODUCT_BUNDLE_IDENTIFIER = com.enozom.EmployeesTask;
				PRODUCT_NAME = "$(TARGET_NAME)";
				SWIFT_EMIT_LOC_STRINGS = YES;
				SWIFT_VERSION = 5.0;
				TARGETED_DEVICE_FAMILY = "1,2";
			};
			name = Release;
		};
/* End XCBuildConfiguration section */

/* Begin XCConfigurationList section */
		84385699293B2FEA008371D2 /* Build configuration list for PBXProject "EmployeesTask" */ = {
			isa = XCConfigurationList;
			buildConfigurations = (
				843856B3293B2FEB008371D2 /* Debug */,
				843856B4293B2FEB008371D2 /* Release */,
			);
			defaultConfigurationIsVisible = 0;
			defaultConfigurationName = Release;
		};
		843856B5293B2FEB008371D2 /* Build configuration list for PBXNativeTarget "EmployeesTask" */ = {
			isa = XCConfigurationList;
			buildConfigurations = (
				843856B6293B2FEB008371D2 /* Debug */,
				843856B7293B2FEB008371D2 /* Release */,
			);
			defaultConfigurationIsVisible = 0;
			defaultConfigurationName = Release;
		};
/* End XCConfigurationList section */

/* Begin XCRemoteSwiftPackageReference section */
		841F4A90293BECB500BE87D1 /* XCRemoteSwiftPackageReference "IQKeyboardManager" */ = {
			isa = XCRemoteSwiftPackageReference;
			repositoryURL = "https://github.com/hackiftekhar/IQKeyboardManager";
			requirement = {
				kind = upToNextMajorVersion;
				minimumVersion = 6.0.0;
			};
		};
		843856FD293B42FB008371D2 /* XCRemoteSwiftPackageReference "MBProgressHUD" */ = {
			isa = XCRemoteSwiftPackageReference;
			repositoryURL = "https://github.com/jdg/MBProgressHUD";
			requirement = {
				kind = upToNextMajorVersion;
				minimumVersion = 1.0.0;
			};
		};
		84385700293B4326008371D2 /* XCRemoteSwiftPackageReference "SwiftMessages" */ = {
			isa = XCRemoteSwiftPackageReference;
			repositoryURL = "https://github.com/SwiftKickMobile/SwiftMessages";
			requirement = {
				kind = upToNextMajorVersion;
				minimumVersion = 9.0.0;
			};
		};
/* End XCRemoteSwiftPackageReference section */

/* Begin XCSwiftPackageProductDependency section */
		841F4A91293BECB500BE87D1 /* IQKeyboardManagerSwift */ = {
			isa = XCSwiftPackageProductDependency;
			package = 841F4A90293BECB500BE87D1 /* XCRemoteSwiftPackageReference "IQKeyboardManager" */;
			productName = IQKeyboardManagerSwift;
		};
		843856FE293B42FB008371D2 /* MBProgressHUD */ = {
			isa = XCSwiftPackageProductDependency;
			package = 843856FD293B42FB008371D2 /* XCRemoteSwiftPackageReference "MBProgressHUD" */;
			productName = MBProgressHUD;
		};
		84385701293B4326008371D2 /* SwiftMessages */ = {
			isa = XCSwiftPackageProductDependency;
			package = 84385700293B4326008371D2 /* XCRemoteSwiftPackageReference "SwiftMessages" */;
			productName = SwiftMessages;
		};
/* End XCSwiftPackageProductDependency section */

/* Begin XCVersionGroup section */
		843856AA293B2FEA008371D2 /* EmployeesTask.xcdatamodeld */ = {
			isa = XCVersionGroup;
			children = (
				843856AB293B2FEA008371D2 /* EmployeesTask.xcdatamodel */,
			);
			currentVersion = 843856AB293B2FEA008371D2 /* EmployeesTask.xcdatamodel */;
			path = EmployeesTask.xcdatamodeld;
			sourceTree = "<group>";
			versionGroupType = wrapper.xcdatamodel;
		};
/* End XCVersionGroup section */
	};
	rootObject = 84385696293B2FEA008371D2 /* Project object */;
}
